
Microsoft Visual Studio Solution File, Format Version 12.00
# Visual Studio 14
VisualStudioVersion = 14.0.23107.0
MinimumVisualStudioVersion = 10.0.40219.1
Project("{FAE04EC0-301F-11D3-BF4B-00C04F79EFBC}") = "GameStore.Domain", "GameStore.Domain\GameStore.Domain.csproj", "{FF51B1FD-D69F-41C5-9D49-E2253062A85D}"
EndProject
Project("{FAE04EC0-301F-11D3-BF4B-00C04F79EFBC}") = "GameStore.DAL", "GameStore.DAL\GameStore.DAL.csproj", "{7582AB39-8DFE-4B67-820C-7975A612A447}"
EndProject
Project("{FAE04EC0-301F-11D3-BF4B-00C04F79EFBC}") = "GameStore.BLL", "GameStore.BLL\GameStore.BLL.csproj", "{EE745E23-6D52-4F41-B66A-B3D96AE4733F}"
EndProject
Project("{FAE04EC0-301F-11D3-BF4B-00C04F79EFBC}") = "GameStore.Web", "GameStore.Web\GameStore.Web.csproj", "{90A5182D-051A-486E-AE55-724F9BC24818}"
EndProject
Project("{FAE04EC0-301F-11D3-BF4B-00C04F79EFBC}") = "GameStore.Tests", "GameStore.Tests\GameStore.Tests.csproj", "{0395532E-2859-4FFF-9571-00AB24D61A9E}"
EndProject
Global
	GlobalSection(SolutionConfigurationPlatforms) = preSolution
		Debug|Any CPU = Debug|Any CPU
		Release|Any CPU = Release|Any CPU
	EndGlobalSection
	GlobalSection(ProjectConfigurationPlatforms) = postSolution
		{FF51B1FD-D69F-41C5-9D49-E2253062A85D}.Debug|Any CPU.ActiveCfg = Debug|Any CPU
		{FF51B1FD-D69F-41C5-9D49-E2253062A85D}.Debug|Any CPU.Build.0 = Debug|Any CPU
		{FF51B1FD-D69F-41C5-9D49-E2253062A85D}.Release|Any CPU.ActiveCfg = Release|Any CPU
		{FF51B1FD-D69F-41C5-9D49-E2253062A85D}.Release|Any CPU.Build.0 = Release|Any CPU
		{7582AB39-8DFE-4B67-820C-7975A612A447}.Debug|Any CPU.ActiveCfg = Debug|Any CPU
		{7582AB39-8DFE-4B67-820C-7975A612A447}.Debug|Any CPU.Build.0 = Debug|Any CPU
		{7582AB39-8DFE-4B67-820C-7975A612A447}.Release|Any CPU.ActiveCfg = Release|Any CPU
		{7582AB39-8DFE-4B67-820C-7975A612A447}.Release|Any CPU.Build.0 = Release|Any CPU
		{EE745E23-6D52-4F41-B66A-B3D96AE4733F}.Debug|Any CPU.ActiveCfg = Debug|Any CPU
		{EE745E23-6D52-4F41-B66A-B3D96AE4733F}.Debug|Any CPU.Build.0 = Debug|Any CPU
		{EE745E23-6D52-4F41-B66A-B3D96AE4733F}.Release|Any CPU.ActiveCfg = Release|Any CPU
		{EE745E23-6D52-4F41-B66A-B3D96AE4733F}.Release|Any CPU.Build.0 = Release|Any CPU
		{90A5182D-051A-486E-AE55-724F9BC24818}.Debug|Any CPU.ActiveCfg = Debug|Any CPU
		{90A5182D-051A-486E-AE55-724F9BC24818}.Debug|Any CPU.Build.0 = Debug|Any CPU
		{90A5182D-051A-486E-AE55-724F9BC24818}.Release|Any CPU.ActiveCfg = Release|Any CPU
		{90A5182D-051A-486E-AE55-724F9BC24818}.Release|Any CPU.Build.0 = Release|Any CPU
		{0395532E-2859-4FFF-9571-00AB24D61A9E}.Debug|Any CPU.ActiveCfg = Debug|Any CPU
		{0395532E-2859-4FFF-9571-00AB24D61A9E}.Debug|Any CPU.Build.0 = Debug|Any CPU
		{0395532E-2859-4FFF-9571-00AB24D61A9E}.Release|Any CPU.ActiveCfg = Release|Any CPU
		{0395532E-2859-4FFF-9571-00AB24D61A9E}.Release|Any CPU.Build.0 = Release|Any CPU
	EndGlobalSection
	GlobalSection(SolutionProperties) = preSolution
		HideSolutionNode = FALSE
	EndGlobalSection
EndGlobal
