
Microsoft Visual Studio Solution File, Format Version 12.00
# Visual Studio 2013
VisualStudioVersion = 12.0.40629.0
MinimumVisualStudioVersion = 10.0.40219.1
Project("{FAE04EC0-301F-11D3-BF4B-00C04F79EFBC}") = "GameStore.Domain", "GameStore.Domain\GameStore.Domain.csproj", "{FF51B1FD-D69F-41C5-9D49-E2253062A85D}"
EndProject
Project("{FAE04EC0-301F-11D3-BF4B-00C04F79EFBC}") = "GameStore.DAL", "GameStore.DAL\GameStore.DAL.csproj", "{7582AB39-8DFE-4B67-820C-7975A612A447}"
EndProject
Project("{FAE04EC0-301F-11D3-BF4B-00C04F79EFBC}") = "GameStore.BLL", "GameStore.BLL\GameStore.BLL.csproj", "{EE745E23-6D52-4F41-B66A-B3D96AE4733F}"
EndProject
Project("{FAE04EC0-301F-11D3-BF4B-00C04F79EFBC}") = "GameStore.Web", "GameStore.Web\GameStore.Web.csproj", "{90A5182D-051A-486E-AE55-724F9BC24818}"
EndProject
Project("{FAE04EC0-301F-11D3-BF4B-00C04F79EFBC}") = "GameStore.Tests", "GameStore.Tests\GameStore.Tests.csproj", "{0395532E-2859-4FFF-9571-00AB24D61A9E}"
EndProject
Project("{FAE04EC0-301F-11D3-BF4B-00C04F79EFBC}") = "GameStore.IoC", "GameStore.IoC\GameStore.IoC.csproj", "{397FD2D0-6F18-49AA-8EA4-C9239813B2EA}"
EndProject
Project("{FAE04EC0-301F-11D3-BF4B-00C04F79EFBC}") = "GameStore.Maps", "GameStore.Maps\GameStore.Maps.csproj", "{4374019D-F8BE-4991-BF62-38750025D7A5}"
EndProject
Project("{FAE04EC0-301F-11D3-BF4B-00C04F79EFBC}") = "Pipeline", "Pipeline\Pipeline.csproj", "{B6D496B9-71C1-4A20-A724-B479E01C1A05}"
EndProject
Project("{2150E333-8FDC-42A3-9474-1A3956D46DE8}") = ".nuget", ".nuget", "{7535BEA0-3AA3-4365-B72B-662D9B972560}"
	ProjectSection(SolutionItems) = preProject
		.nuget\NuGet.Config = .nuget\NuGet.Config
		.nuget\NuGet.exe = .nuget\NuGet.exe
		.nuget\NuGet.targets = .nuget\NuGet.targets
	EndProjectSection
EndProject
Project("{FAE04EC0-301F-11D3-BF4B-00C04F79EFBC}") = "GameStore.Static", "GameStore.Static\GameStore.Static.csproj", "{1DABB4A6-4B69-42AA-BC9C-4C679493BC5A}"
EndProject
Project("{FAE04EC0-301F-11D3-BF4B-00C04F79EFBC}") = "GameStore.Auth", "GameStore.Auth\GameStore.Auth.csproj", "{6E29195B-5B53-4462-B3C4-F0AD56C2DE52}"
EndProject
Global
	GlobalSection(SolutionConfigurationPlatforms) = preSolution
		Debug|Any CPU = Debug|Any CPU
		Release|Any CPU = Release|Any CPU
	EndGlobalSection
	GlobalSection(ProjectConfigurationPlatforms) = postSolution
		{FF51B1FD-D69F-41C5-9D49-E2253062A85D}.Debug|Any CPU.ActiveCfg = Debug|Any CPU
		{FF51B1FD-D69F-41C5-9D49-E2253062A85D}.Debug|Any CPU.Build.0 = Debug|Any CPU
		{FF51B1FD-D69F-41C5-9D49-E2253062A85D}.Release|Any CPU.ActiveCfg = Release|Any CPU
		{FF51B1FD-D69F-41C5-9D49-E2253062A85D}.Release|Any CPU.Build.0 = Release|Any CPU
		{7582AB39-8DFE-4B67-820C-7975A612A447}.Debug|Any CPU.ActiveCfg = Debug|Any CPU
		{7582AB39-8DFE-4B67-820C-7975A612A447}.Debug|Any CPU.Build.0 = Debug|Any CPU
		{7582AB39-8DFE-4B67-820C-7975A612A447}.Release|Any CPU.ActiveCfg = Release|Any CPU
		{7582AB39-8DFE-4B67-820C-7975A612A447}.Release|Any CPU.Build.0 = Release|Any CPU
		{EE745E23-6D52-4F41-B66A-B3D96AE4733F}.Debug|Any CPU.ActiveCfg = Debug|Any CPU
		{EE745E23-6D52-4F41-B66A-B3D96AE4733F}.Debug|Any CPU.Build.0 = Debug|Any CPU
		{EE745E23-6D52-4F41-B66A-B3D96AE4733F}.Release|Any CPU.ActiveCfg = Release|Any CPU
		{EE745E23-6D52-4F41-B66A-B3D96AE4733F}.Release|Any CPU.Build.0 = Release|Any CPU
		{90A5182D-051A-486E-AE55-724F9BC24818}.Debug|Any CPU.ActiveCfg = Debug|Any CPU
		{90A5182D-051A-486E-AE55-724F9BC24818}.Debug|Any CPU.Build.0 = Debug|Any CPU
		{90A5182D-051A-486E-AE55-724F9BC24818}.Release|Any CPU.ActiveCfg = Release|Any CPU
		{90A5182D-051A-486E-AE55-724F9BC24818}.Release|Any CPU.Build.0 = Release|Any CPU
		{0395532E-2859-4FFF-9571-00AB24D61A9E}.Debug|Any CPU.ActiveCfg = Debug|Any CPU
		{0395532E-2859-4FFF-9571-00AB24D61A9E}.Debug|Any CPU.Build.0 = Debug|Any CPU
		{0395532E-2859-4FFF-9571-00AB24D61A9E}.Release|Any CPU.ActiveCfg = Release|Any CPU
		{0395532E-2859-4FFF-9571-00AB24D61A9E}.Release|Any CPU.Build.0 = Release|Any CPU
		{397FD2D0-6F18-49AA-8EA4-C9239813B2EA}.Debug|Any CPU.ActiveCfg = Debug|Any CPU
		{397FD2D0-6F18-49AA-8EA4-C9239813B2EA}.Debug|Any CPU.Build.0 = Debug|Any CPU
		{397FD2D0-6F18-49AA-8EA4-C9239813B2EA}.Release|Any CPU.ActiveCfg = Release|Any CPU
		{397FD2D0-6F18-49AA-8EA4-C9239813B2EA}.Release|Any CPU.Build.0 = Release|Any CPU
		{4374019D-F8BE-4991-BF62-38750025D7A5}.Debug|Any CPU.ActiveCfg = Debug|Any CPU
		{4374019D-F8BE-4991-BF62-38750025D7A5}.Debug|Any CPU.Build.0 = Debug|Any CPU
		{4374019D-F8BE-4991-BF62-38750025D7A5}.Release|Any CPU.ActiveCfg = Release|Any CPU
		{4374019D-F8BE-4991-BF62-38750025D7A5}.Release|Any CPU.Build.0 = Release|Any CPU
		{B6D496B9-71C1-4A20-A724-B479E01C1A05}.Debug|Any CPU.ActiveCfg = Debug|Any CPU
		{B6D496B9-71C1-4A20-A724-B479E01C1A05}.Debug|Any CPU.Build.0 = Debug|Any CPU
		{B6D496B9-71C1-4A20-A724-B479E01C1A05}.Release|Any CPU.ActiveCfg = Release|Any CPU
		{B6D496B9-71C1-4A20-A724-B479E01C1A05}.Release|Any CPU.Build.0 = Release|Any CPU
		{1DABB4A6-4B69-42AA-BC9C-4C679493BC5A}.Debug|Any CPU.ActiveCfg = Debug|Any CPU
		{1DABB4A6-4B69-42AA-BC9C-4C679493BC5A}.Debug|Any CPU.Build.0 = Debug|Any CPU
		{1DABB4A6-4B69-42AA-BC9C-4C679493BC5A}.Release|Any CPU.ActiveCfg = Release|Any CPU
		{1DABB4A6-4B69-42AA-BC9C-4C679493BC5A}.Release|Any CPU.Build.0 = Release|Any CPU
		{6E29195B-5B53-4462-B3C4-F0AD56C2DE52}.Debug|Any CPU.ActiveCfg = Debug|Any CPU
		{6E29195B-5B53-4462-B3C4-F0AD56C2DE52}.Debug|Any CPU.Build.0 = Debug|Any CPU
		{6E29195B-5B53-4462-B3C4-F0AD56C2DE52}.Release|Any CPU.ActiveCfg = Release|Any CPU
		{6E29195B-5B53-4462-B3C4-F0AD56C2DE52}.Release|Any CPU.Build.0 = Release|Any CPU
	EndGlobalSection
	GlobalSection(SolutionProperties) = preSolution
		HideSolutionNode = FALSE
	EndGlobalSection
EndGlobal
